// !$*UTF8*$!
{
	archiveVersion = 1;
	classes = {
	};
	objectVersion = 46;
	objects = {

/* Begin PBXBuildFile section */
		6696E4B11F350DBA007C9981 /* atom_large.xml in Resources */ = {isa = PBXBuildFile; fileRef = 6696E4A41F350DBA007C9981 /* atom_large.xml */; };
		6696E4B21F350DBA007C9981 /* atom100.xml in Resources */ = {isa = PBXBuildFile; fileRef = 6696E4A51F350DBA007C9981 /* atom100.xml */; };
		6696E4B31F350DBA007C9981 /* researchkit.rss in Resources */ = {isa = PBXBuildFile; fileRef = 6696E4A61F350DBA007C9981 /* researchkit.rss */; };
		6696E4B41F350DBA007C9981 /* rss1_large.rss in Resources */ = {isa = PBXBuildFile; fileRef = 6696E4A71F350DBA007C9981 /* rss1_large.rss */; };
		6696E4B51F350DBA007C9981 /* rss2_large.rss in Resources */ = {isa = PBXBuildFile; fileRef = 6696E4A81F350DBA007C9981 /* rss2_large.rss */; };
		6696E4B61F350DBA007C9981 /* rss091.rss in Resources */ = {isa = PBXBuildFile; fileRef = 6696E4A91F350DBA007C9981 /* rss091.rss */; };
		6696E4B71F350DBA007C9981 /* rss092.rss in Resources */ = {isa = PBXBuildFile; fileRef = 6696E4AA1F350DBA007C9981 /* rss092.rss */; };
		6696E4B81F350DBA007C9981 /* rss100.rss in Resources */ = {isa = PBXBuildFile; fileRef = 6696E4AB1F350DBA007C9981 /* rss100.rss */; };
		6696E4B91F350DBA007C9981 /* rss200.rss in Resources */ = {isa = PBXBuildFile; fileRef = 6696E4AC1F350DBA007C9981 /* rss200.rss */; };
		6696E4BA1F350DBA007C9981 /* sparkfun.rss in Resources */ = {isa = PBXBuildFile; fileRef = 6696E4AD1F350DBA007C9981 /* sparkfun.rss */; };
		6696E4BB1F350DBA007C9981 /* sparkfun1.html in Resources */ = {isa = PBXBuildFile; fileRef = 6696E4AE1F350DBA007C9981 /* sparkfun1.html */; };
		6696E4BC1F350DBA007C9981 /* xkcd.atom in Resources */ = {isa = PBXBuildFile; fileRef = 6696E4AF1F350DBA007C9981 /* xkcd.atom */; };
		6696E4BD1F350DBA007C9981 /* xkcd.rss in Resources */ = {isa = PBXBuildFile; fileRef = 6696E4B01F350DBA007C9981 /* xkcd.rss */; };
		OBJ_30 /* Article.swift in Sources */ = {isa = PBXBuildFile; fileRef = OBJ_8 /* Article.swift */; };
		OBJ_31 /* Author.swift in Sources */ = {isa = PBXBuildFile; fileRef = OBJ_9 /* Author.swift */; };
		OBJ_32 /* Enclosure.swift in Sources */ = {isa = PBXBuildFile; fileRef = OBJ_10 /* Enclosure.swift */; };
		OBJ_33 /* Feed.swift in Sources */ = {isa = PBXBuildFile; fileRef = OBJ_11 /* Feed.swift */; };
		OBJ_34 /* FeedParser.swift in Sources */ = {isa = PBXBuildFile; fileRef = OBJ_12 /* FeedParser.swift */; };
		OBJ_35 /* String+Muon.swift in Sources */ = {isa = PBXBuildFile; fileRef = OBJ_13 /* String+Muon.swift */; };
		OBJ_42 /* FeedParserSpec.swift in Sources */ = {isa = PBXBuildFile; fileRef = OBJ_16 /* FeedParserSpec.swift */; };
		OBJ_43 /* Helpers.swift in Sources */ = {isa = PBXBuildFile; fileRef = OBJ_17 /* Helpers.swift */; };
		OBJ_44 /* IntegrationSpec.swift in Sources */ = {isa = PBXBuildFile; fileRef = OBJ_18 /* IntegrationSpec.swift */; };
		OBJ_45 /* PerformanceSpecs.swift in Sources */ = {isa = PBXBuildFile; fileRef = OBJ_19 /* PerformanceSpecs.swift */; };
		OBJ_46 /* StringExtensionSpec.swift in Sources */ = {isa = PBXBuildFile; fileRef = OBJ_20 /* StringExtensionSpec.swift */; };
		OBJ_48 /* Muon.framework in Frameworks */ = {isa = PBXBuildFile; fileRef = OBJ_23 /* Muon.framework */; };
/* End PBXBuildFile section */

/* Begin PBXContainerItemProxy section */
		666A51581F35005F0034344F /* PBXContainerItemProxy */ = {
			isa = PBXContainerItemProxy;
			containerPortal = OBJ_1 /* Project object */;
			proxyType = 1;
			remoteGlobalIDString = OBJ_25;
			remoteInfo = Muon;
		};
/* End PBXContainerItemProxy section */

/* Begin PBXFileReference section */
		666A51591F3500750034344F /* Config.xcconfig */ = {isa = PBXFileReference; fileEncoding = 4; lastKnownFileType = text.xcconfig; path = Config.xcconfig; sourceTree = "<group>"; };
		6696E4A41F350DBA007C9981 /* atom_large.xml */ = {isa = PBXFileReference; lastKnownFileType = text.xml; name = atom_large.xml; path = Tests/MuonTests/atom_large.xml; sourceTree = "<group>"; };
		6696E4A51F350DBA007C9981 /* atom100.xml */ = {isa = PBXFileReference; lastKnownFileType = text.xml; name = atom100.xml; path = Tests/MuonTests/atom100.xml; sourceTree = "<group>"; };
		6696E4A61F350DBA007C9981 /* researchkit.rss */ = {isa = PBXFileReference; lastKnownFileType = text.xml; name = researchkit.rss; path = Tests/MuonTests/researchkit.rss; sourceTree = "<group>"; };
		6696E4A71F350DBA007C9981 /* rss1_large.rss */ = {isa = PBXFileReference; lastKnownFileType = text.xml; name = rss1_large.rss; path = Tests/MuonTests/rss1_large.rss; sourceTree = "<group>"; };
		6696E4A81F350DBA007C9981 /* rss2_large.rss */ = {isa = PBXFileReference; lastKnownFileType = text.xml; name = rss2_large.rss; path = Tests/MuonTests/rss2_large.rss; sourceTree = "<group>"; };
		6696E4A91F350DBA007C9981 /* rss091.rss */ = {isa = PBXFileReference; lastKnownFileType = text.xml; name = rss091.rss; path = Tests/MuonTests/rss091.rss; sourceTree = "<group>"; };
		6696E4AA1F350DBA007C9981 /* rss092.rss */ = {isa = PBXFileReference; lastKnownFileType = text.xml; name = rss092.rss; path = Tests/MuonTests/rss092.rss; sourceTree = "<group>"; };
		6696E4AB1F350DBA007C9981 /* rss100.rss */ = {isa = PBXFileReference; lastKnownFileType = text.xml; name = rss100.rss; path = Tests/MuonTests/rss100.rss; sourceTree = "<group>"; };
		6696E4AC1F350DBA007C9981 /* rss200.rss */ = {isa = PBXFileReference; lastKnownFileType = text.xml; name = rss200.rss; path = Tests/MuonTests/rss200.rss; sourceTree = "<group>"; };
		6696E4AD1F350DBA007C9981 /* sparkfun.rss */ = {isa = PBXFileReference; lastKnownFileType = text.xml; name = sparkfun.rss; path = Tests/MuonTests/sparkfun.rss; sourceTree = "<group>"; };
		6696E4AE1F350DBA007C9981 /* sparkfun1.html */ = {isa = PBXFileReference; lastKnownFileType = text.html; name = sparkfun1.html; path = Tests/MuonTests/sparkfun1.html; sourceTree = "<group>"; };
		6696E4AF1F350DBA007C9981 /* xkcd.atom */ = {isa = PBXFileReference; lastKnownFileType = text.xml; name = xkcd.atom; path = Tests/MuonTests/xkcd.atom; sourceTree = "<group>"; };
		6696E4B01F350DBA007C9981 /* xkcd.rss */ = {isa = PBXFileReference; lastKnownFileType = text.xml; name = xkcd.rss; path = Tests/MuonTests/xkcd.rss; sourceTree = "<group>"; };
		OBJ_10 /* Enclosure.swift */ = {isa = PBXFileReference; lastKnownFileType = sourcecode.swift; path = Enclosure.swift; sourceTree = "<group>"; };
		OBJ_11 /* Feed.swift */ = {isa = PBXFileReference; lastKnownFileType = sourcecode.swift; path = Feed.swift; sourceTree = "<group>"; };
		OBJ_12 /* FeedParser.swift */ = {isa = PBXFileReference; lastKnownFileType = sourcecode.swift; path = FeedParser.swift; sourceTree = "<group>"; };
		OBJ_13 /* String+Muon.swift */ = {isa = PBXFileReference; lastKnownFileType = sourcecode.swift; path = "String+Muon.swift"; sourceTree = "<group>"; };
		OBJ_16 /* FeedParserSpec.swift */ = {isa = PBXFileReference; lastKnownFileType = sourcecode.swift; path = FeedParserSpec.swift; sourceTree = "<group>"; };
		OBJ_17 /* Helpers.swift */ = {isa = PBXFileReference; lastKnownFileType = sourcecode.swift; path = Helpers.swift; sourceTree = "<group>"; };
		OBJ_18 /* IntegrationSpec.swift */ = {isa = PBXFileReference; lastKnownFileType = sourcecode.swift; path = IntegrationSpec.swift; sourceTree = "<group>"; };
		OBJ_19 /* PerformanceSpecs.swift */ = {isa = PBXFileReference; lastKnownFileType = sourcecode.swift; path = PerformanceSpecs.swift; sourceTree = "<group>"; };
		OBJ_20 /* StringExtensionSpec.swift */ = {isa = PBXFileReference; lastKnownFileType = sourcecode.swift; path = StringExtensionSpec.swift; sourceTree = "<group>"; };
		OBJ_21 /* Carthage */ = {isa = PBXFileReference; lastKnownFileType = folder; path = Carthage; sourceTree = SOURCE_ROOT; };
		OBJ_23 /* Muon.framework */ = {isa = PBXFileReference; explicitFileType = wrapper.framework; path = Muon.framework; sourceTree = BUILT_PRODUCTS_DIR; };
		OBJ_24 /* MuonTests.xctest */ = {isa = PBXFileReference; explicitFileType = wrapper.cfbundle; path = MuonTests.xctest; sourceTree = BUILT_PRODUCTS_DIR; };
		OBJ_6 /* Package.swift */ = {isa = PBXFileReference; explicitFileType = sourcecode.swift; path = Package.swift; sourceTree = "<group>"; };
		OBJ_8 /* Article.swift */ = {isa = PBXFileReference; lastKnownFileType = sourcecode.swift; path = Article.swift; sourceTree = "<group>"; };
		OBJ_9 /* Author.swift */ = {isa = PBXFileReference; lastKnownFileType = sourcecode.swift; path = Author.swift; sourceTree = "<group>"; };
/* End PBXFileReference section */

/* Begin PBXFrameworksBuildPhase section */
		OBJ_36 /* Frameworks */ = {
			isa = PBXFrameworksBuildPhase;
			buildActionMask = 0;
			files = (
			);
			runOnlyForDeploymentPostprocessing = 0;
		};
		OBJ_47 /* Frameworks */ = {
			isa = PBXFrameworksBuildPhase;
			buildActionMask = 0;
			files = (
				OBJ_48 /* Muon.framework in Frameworks */,
			);
			runOnlyForDeploymentPostprocessing = 0;
		};
/* End PBXFrameworksBuildPhase section */

/* Begin PBXGroup section */
		6696E4BE1F350DC1007C9981 /* Resources */ = {
			isa = PBXGroup;
			children = (
				6696E4A41F350DBA007C9981 /* atom_large.xml */,
				6696E4A51F350DBA007C9981 /* atom100.xml */,
				6696E4A61F350DBA007C9981 /* researchkit.rss */,
				6696E4A71F350DBA007C9981 /* rss1_large.rss */,
				6696E4A81F350DBA007C9981 /* rss2_large.rss */,
				6696E4A91F350DBA007C9981 /* rss091.rss */,
				6696E4AA1F350DBA007C9981 /* rss092.rss */,
				6696E4AB1F350DBA007C9981 /* rss100.rss */,
				6696E4AC1F350DBA007C9981 /* rss200.rss */,
				6696E4AD1F350DBA007C9981 /* sparkfun.rss */,
				6696E4AE1F350DBA007C9981 /* sparkfun1.html */,
				6696E4AF1F350DBA007C9981 /* xkcd.atom */,
				6696E4B01F350DBA007C9981 /* xkcd.rss */,
			);
			name = Resources;
			sourceTree = "<group>";
		};
		OBJ_14 /* Tests */ = {
			isa = PBXGroup;
			children = (
				OBJ_15 /* MuonTests */,
			);
			name = Tests;
			sourceTree = SOURCE_ROOT;
		};
		OBJ_15 /* MuonTests */ = {
			isa = PBXGroup;
			children = (
				OBJ_16 /* FeedParserSpec.swift */,
				OBJ_17 /* Helpers.swift */,
				OBJ_18 /* IntegrationSpec.swift */,
				OBJ_19 /* PerformanceSpecs.swift */,
				OBJ_20 /* StringExtensionSpec.swift */,
			);
			name = MuonTests;
			path = Tests/MuonTests;
			sourceTree = SOURCE_ROOT;
		};
		OBJ_22 /* Products */ = {
			isa = PBXGroup;
			children = (
				OBJ_23 /* Muon.framework */,
				OBJ_24 /* MuonTests.xctest */,
			);
			name = Products;
			sourceTree = BUILT_PRODUCTS_DIR;
		};
		OBJ_5 = {
			isa = PBXGroup;
			children = (
				666A51591F3500750034344F /* Config.xcconfig */,
				OBJ_6 /* Package.swift */,
				6696E4BE1F350DC1007C9981 /* Resources */,
				OBJ_7 /* Sources */,
				OBJ_14 /* Tests */,
				OBJ_21 /* Carthage */,
				OBJ_22 /* Products */,
			);
			sourceTree = "<group>";
		};
		OBJ_7 /* Sources */ = {
			isa = PBXGroup;
			children = (
				OBJ_8 /* Article.swift */,
				OBJ_9 /* Author.swift */,
				OBJ_10 /* Enclosure.swift */,
				OBJ_11 /* Feed.swift */,
				OBJ_12 /* FeedParser.swift */,
				OBJ_13 /* String+Muon.swift */,
			);
			path = Sources;
			sourceTree = SOURCE_ROOT;
		};
/* End PBXGroup section */

/* Begin PBXNativeTarget section */
		OBJ_25 /* Muon */ = {
			isa = PBXNativeTarget;
			buildConfigurationList = OBJ_26 /* Build configuration list for PBXNativeTarget "Muon" */;
			buildPhases = (
				OBJ_29 /* Sources */,
				OBJ_36 /* Frameworks */,
			);
			buildRules = (
			);
			dependencies = (
			);
			name = Muon;
			productName = Muon;
			productReference = OBJ_23 /* Muon.framework */;
			productType = "com.apple.product-type.framework";
		};
		OBJ_37 /* MuonTests */ = {
			isa = PBXNativeTarget;
			buildConfigurationList = OBJ_38 /* Build configuration list for PBXNativeTarget "MuonTests" */;
			buildPhases = (
				OBJ_41 /* Sources */,
				OBJ_47 /* Frameworks */,
				6696E4A21F350A08007C9981 /* ShellScript */,
				6696E4A31F350D96007C9981 /* Resources */,
			);
			buildRules = (
			);
			dependencies = (
				OBJ_49 /* PBXTargetDependency */,
			);
			name = MuonTests;
			productName = MuonTests;
			productReference = OBJ_24 /* MuonTests.xctest */;
			productType = "com.apple.product-type.bundle.unit-test";
		};
/* End PBXNativeTarget section */

/* Begin PBXProject section */
		OBJ_1 /* Project object */ = {
			isa = PBXProject;
			attributes = {
				LastUpgradeCheck = 1000;
				TargetAttributes = {
					OBJ_25 = {
						LastSwiftMigration = 1000;
					};
					OBJ_37 = {
						LastSwiftMigration = 1000;
					};
				};
			};
			buildConfigurationList = OBJ_2 /* Build configuration list for PBXProject "Muon" */;
			compatibilityVersion = "Xcode 3.2";
			developmentRegion = English;
			hasScannedForEncodings = 0;
			knownRegions = (
				en,
			);
			mainGroup = OBJ_5;
			productRefGroup = OBJ_22 /* Products */;
			projectDirPath = "";
			projectRoot = "";
			targets = (
				OBJ_25 /* Muon */,
				OBJ_37 /* MuonTests */,
			);
		};
/* End PBXProject section */

/* Begin PBXResourcesBuildPhase section */
		6696E4A31F350D96007C9981 /* Resources */ = {
			isa = PBXResourcesBuildPhase;
			buildActionMask = 2147483647;
			files = (
				6696E4B11F350DBA007C9981 /* atom_large.xml in Resources */,
				6696E4B21F350DBA007C9981 /* atom100.xml in Resources */,
				6696E4B31F350DBA007C9981 /* researchkit.rss in Resources */,
				6696E4B41F350DBA007C9981 /* rss1_large.rss in Resources */,
				6696E4B51F350DBA007C9981 /* rss2_large.rss in Resources */,
				6696E4B61F350DBA007C9981 /* rss091.rss in Resources */,
				6696E4B71F350DBA007C9981 /* rss092.rss in Resources */,
				6696E4B81F350DBA007C9981 /* rss100.rss in Resources */,
				6696E4B91F350DBA007C9981 /* rss200.rss in Resources */,
				6696E4BA1F350DBA007C9981 /* sparkfun.rss in Resources */,
				6696E4BB1F350DBA007C9981 /* sparkfun1.html in Resources */,
				6696E4BC1F350DBA007C9981 /* xkcd.atom in Resources */,
				6696E4BD1F350DBA007C9981 /* xkcd.rss in Resources */,
			);
			runOnlyForDeploymentPostprocessing = 0;
		};
/* End PBXResourcesBuildPhase section */

/* Begin PBXShellScriptBuildPhase section */
		6696E4A21F350A08007C9981 /* ShellScript */ = {
			isa = PBXShellScriptBuildPhase;
			buildActionMask = 2147483647;
			files = (
			);
			inputPaths = (
				"$(NIMBLE_PATH)",
				"$(QUICK_PATH)",
			);
			outputPaths = (
			);
			runOnlyForDeploymentPostprocessing = 0;
			shellPath = /bin/sh;
			shellScript = "/usr/local/bin/carthage copy-frameworks";
		};
/* End PBXShellScriptBuildPhase section */

/* Begin PBXSourcesBuildPhase section */
		OBJ_29 /* Sources */ = {
			isa = PBXSourcesBuildPhase;
			buildActionMask = 0;
			files = (
				OBJ_30 /* Article.swift in Sources */,
				OBJ_31 /* Author.swift in Sources */,
				OBJ_32 /* Enclosure.swift in Sources */,
				OBJ_33 /* Feed.swift in Sources */,
				OBJ_34 /* FeedParser.swift in Sources */,
				OBJ_35 /* String+Muon.swift in Sources */,
			);
			runOnlyForDeploymentPostprocessing = 0;
		};
		OBJ_41 /* Sources */ = {
			isa = PBXSourcesBuildPhase;
			buildActionMask = 0;
			files = (
				OBJ_42 /* FeedParserSpec.swift in Sources */,
				OBJ_43 /* Helpers.swift in Sources */,
				OBJ_44 /* IntegrationSpec.swift in Sources */,
				OBJ_45 /* PerformanceSpecs.swift in Sources */,
				OBJ_46 /* StringExtensionSpec.swift in Sources */,
			);
			runOnlyForDeploymentPostprocessing = 0;
		};
/* End PBXSourcesBuildPhase section */

/* Begin PBXTargetDependency section */
		OBJ_49 /* PBXTargetDependency */ = {
			isa = PBXTargetDependency;
			target = OBJ_25 /* Muon */;
			targetProxy = 666A51581F35005F0034344F /* PBXContainerItemProxy */;
		};
/* End PBXTargetDependency section */

/* Begin XCBuildConfiguration section */
		OBJ_27 /* Debug */ = {
			isa = XCBuildConfiguration;
			buildSettings = {
				APPLICATION_EXTENSION_API_ONLY = YES;
				COMBINE_HIDPI_IMAGES = YES;
				CURRENT_PROJECT_VERSION = 1;
				DEBUG_INFORMATION_FORMAT = dwarf;
				DEFINES_MODULE = YES;
				DYLIB_COMPATIBILITY_VERSION = 1;
				DYLIB_CURRENT_VERSION = 1;
				DYLIB_INSTALL_NAME_BASE = "@rpath";
				ENABLE_TESTABILITY = YES;
				FRAMEWORK_SEARCH_PATHS = (
					"$(inherited)",
					"$(PLATFORM_DIR)/Developer/Library/Frameworks",
				);
				HEADER_SEARCH_PATHS = "$(inherited)";
				INFOPLIST_FILE = Muon.xcodeproj/Muon_Info.plist;
				LD_RUNPATH_SEARCH_PATHS = "$(TOOLCHAIN_DIR)/usr/lib/swift/macosx";
				OTHER_LDFLAGS = "$(inherited)";
				OTHER_SWIFT_FLAGS = "$(inherited)";
				PRODUCT_BUNDLE_IDENTIFIER = Muon;
				PRODUCT_MODULE_NAME = "$(TARGET_NAME:c99extidentifier)";
				PRODUCT_NAME = "$(TARGET_NAME:c99extidentifier)";
				SKIP_INSTALL = YES;
				SWIFT_VERSION = 4.2;
				TARGET_NAME = Muon;
			};
			name = Debug;
		};
		OBJ_28 /* Release */ = {
			isa = XCBuildConfiguration;
			buildSettings = {
				APPLICATION_EXTENSION_API_ONLY = YES;
				COMBINE_HIDPI_IMAGES = YES;
				CURRENT_PROJECT_VERSION = 1;
				DEFINES_MODULE = YES;
				DYLIB_COMPATIBILITY_VERSION = 1;
				DYLIB_CURRENT_VERSION = 1;
				DYLIB_INSTALL_NAME_BASE = "@rpath";
				ENABLE_TESTABILITY = YES;
				FRAMEWORK_SEARCH_PATHS = (
					"$(inherited)",
					"$(PLATFORM_DIR)/Developer/Library/Frameworks",
				);
				FRAMEWORK_VERSION = A;
				INFOPLIST_FILE = Muon.xcodeproj/Muon_Info.plist;
				INSTALL_PATH = "$(LOCAL_LIBRARY_DIR)/Frameworks";
				LD_RUNPATH_SEARCH_PATHS = "$(TOOLCHAIN_DIR)/usr/lib/swift/macosx";
				MACOSX_DEPLOYMENT_TARGET = 10.10;
				OTHER_LDFLAGS = "$(inherited)";
				OTHER_SWIFT_FLAGS = "$(inherited)";
				PRODUCT_BUNDLE_IDENTIFIER = Muon;
				PRODUCT_MODULE_NAME = "$(TARGET_NAME:c99extidentifier)";
				PRODUCT_NAME = "$(TARGET_NAME:c99extidentifier)";
				SDKROOT = macosx;
				SKIP_INSTALL = YES;
				SWIFT_VERSION = 4.2;
				TARGET_NAME = Muon;
			};
			name = Release;
		};
		OBJ_3 /* Debug */ = {
			isa = XCBuildConfiguration;
			buildSettings = {
				CLANG_ENABLE_OBJC_ARC = YES;
				CLANG_WARN_BLOCK_CAPTURE_AUTORELEASING = YES;
				CLANG_WARN_BOOL_CONVERSION = YES;
				CLANG_WARN_COMMA = YES;
				CLANG_WARN_CONSTANT_CONVERSION = YES;
				CLANG_WARN_DEPRECATED_OBJC_IMPLEMENTATIONS = YES;
				CLANG_WARN_EMPTY_BODY = YES;
				CLANG_WARN_ENUM_CONVERSION = YES;
				CLANG_WARN_INFINITE_RECURSION = YES;
				CLANG_WARN_INT_CONVERSION = YES;
				CLANG_WARN_NON_LITERAL_NULL_CONVERSION = YES;
				CLANG_WARN_OBJC_IMPLICIT_RETAIN_SELF = YES;
				CLANG_WARN_OBJC_LITERAL_CONVERSION = YES;
				CLANG_WARN_RANGE_LOOP_ANALYSIS = YES;
				CLANG_WARN_STRICT_PROTOTYPES = YES;
				CLANG_WARN_SUSPICIOUS_MOVE = YES;
				CLANG_WARN_UNREACHABLE_CODE = YES;
				CLANG_WARN__DUPLICATE_METHOD_MATCH = YES;
				COMBINE_HIDPI_IMAGES = YES;
				COPY_PHASE_STRIP = NO;
				DEBUG_INFORMATION_FORMAT = dwarf;
				DYLIB_INSTALL_NAME_BASE = "@rpath";
				ENABLE_NS_ASSERTIONS = YES;
				ENABLE_STRICT_OBJC_MSGSEND = YES;
				ENABLE_TESTABILITY = YES;
				GCC_NO_COMMON_BLOCKS = YES;
				GCC_OPTIMIZATION_LEVEL = 0;
				GCC_WARN_64_TO_32_BIT_CONVERSION = YES;
				GCC_WARN_ABOUT_RETURN_TYPE = YES;
				GCC_WARN_UNDECLARED_SELECTOR = YES;
				GCC_WARN_UNINITIALIZED_AUTOS = YES;
				GCC_WARN_UNUSED_FUNCTION = YES;
				GCC_WARN_UNUSED_VARIABLE = YES;
				IPHONEOS_DEPLOYMENT_TARGET = 8.0;
				MACOSX_DEPLOYMENT_TARGET = 10.10;
				ONLY_ACTIVE_ARCH = YES;
				OTHER_SWIFT_FLAGS = "-DXcode";
				PRODUCT_NAME = "$(TARGET_NAME)";
				SDKROOT = macosx;
				SUPPORTED_PLATFORMS = "macosx iphoneos iphonesimulator appletvos appletvsimulator watchos watchsimulator";
				SWIFT_ACTIVE_COMPILATION_CONDITIONS = SWIFT_PACKAGE;
				SWIFT_OPTIMIZATION_LEVEL = "-Onone";
				SWIFT_VERSION = 3.0;
				TVOS_DEPLOYMENT_TARGET = 9.0;
				USE_HEADERMAP = NO;
				WATCHOS_DEPLOYMENT_TARGET = 2.0;
			};
			name = Debug;
		};
		OBJ_39 /* Debug */ = {
			isa = XCBuildConfiguration;
			baseConfigurationReference = 666A51591F3500750034344F /* Config.xcconfig */;
			buildSettings = {
				ALWAYS_EMBED_SWIFT_STANDARD_LIBRARIES = YES;
				FRAMEWORK_SEARCH_PATHS = (
					"$(inherited)",
					"$(PLATFORM_DIR)/Developer/Library/Frameworks",
				);
				HEADER_SEARCH_PATHS = "$(inherited)";
				INFOPLIST_FILE = Muon.xcodeproj/MuonTests_Info.plist;
				LD_RUNPATH_SEARCH_PATHS = "@loader_path/../Frameworks @loader_path/Frameworks";
				OTHER_LDFLAGS = "$(inherited)";
				OTHER_SWIFT_FLAGS = "$(inherited)";
				SWIFT_VERSION = 4.2;
				TARGET_NAME = MuonTests;
			};
			name = Debug;
		};
		OBJ_4 /* Release */ = {
			isa = XCBuildConfiguration;
			buildSettings = {
				CLANG_ENABLE_OBJC_ARC = YES;
				CLANG_WARN_BLOCK_CAPTURE_AUTORELEASING = YES;
				CLANG_WARN_BOOL_CONVERSION = YES;
				CLANG_WARN_COMMA = YES;
				CLANG_WARN_CONSTANT_CONVERSION = YES;
				CLANG_WARN_DEPRECATED_OBJC_IMPLEMENTATIONS = YES;
				CLANG_WARN_EMPTY_BODY = YES;
				CLANG_WARN_ENUM_CONVERSION = YES;
				CLANG_WARN_INFINITE_RECURSION = YES;
				CLANG_WARN_INT_CONVERSION = YES;
				CLANG_WARN_NON_LITERAL_NULL_CONVERSION = YES;
				CLANG_WARN_OBJC_IMPLICIT_RETAIN_SELF = YES;
				CLANG_WARN_OBJC_LITERAL_CONVERSION = YES;
				CLANG_WARN_RANGE_LOOP_ANALYSIS = YES;
				CLANG_WARN_STRICT_PROTOTYPES = YES;
				CLANG_WARN_SUSPICIOUS_MOVE = YES;
				CLANG_WARN_UNREACHABLE_CODE = YES;
				CLANG_WARN__DUPLICATE_METHOD_MATCH = YES;
				COMBINE_HIDPI_IMAGES = YES;
				COPY_PHASE_STRIP = YES;
				DEBUG_INFORMATION_FORMAT = "dwarf-with-dsym";
				DYLIB_INSTALL_NAME_BASE = "@rpath";
				ENABLE_STRICT_OBJC_MSGSEND = YES;
				GCC_NO_COMMON_BLOCKS = YES;
				GCC_OPTIMIZATION_LEVEL = s;
				GCC_WARN_64_TO_32_BIT_CONVERSION = YES;
				GCC_WARN_ABOUT_RETURN_TYPE = YES;
				GCC_WARN_UNDECLARED_SELECTOR = YES;
				GCC_WARN_UNINITIALIZED_AUTOS = YES;
				GCC_WARN_UNUSED_FUNCTION = YES;
				GCC_WARN_UNUSED_VARIABLE = YES;
				IPHONEOS_DEPLOYMENT_TARGET = 8.0;
				MACOSX_DEPLOYMENT_TARGET = 10.10;
				OTHER_SWIFT_FLAGS = "-DXcode";
				PRODUCT_NAME = "$(TARGET_NAME)";
				SDKROOT = macosx;
				SUPPORTED_PLATFORMS = "macosx iphoneos iphonesimulator appletvos appletvsimulator watchos watchsimulator";
				SWIFT_ACTIVE_COMPILATION_CONDITIONS = SWIFT_PACKAGE;
				SWIFT_OPTIMIZATION_LEVEL = "-Owholemodule";
				SWIFT_VERSION = 3.0;
				TVOS_DEPLOYMENT_TARGET = 9.0;
				USE_HEADERMAP = NO;
				WATCHOS_DEPLOYMENT_TARGET = 2.0;
			};
			name = Release;
		};
		OBJ_40 /* Release */ = {
			isa = XCBuildConfiguration;
			baseConfigurationReference = 666A51591F3500750034344F /* Config.xcconfig */;
			buildSettings = {
				ALWAYS_EMBED_SWIFT_STANDARD_LIBRARIES = YES;
				FRAMEWORK_SEARCH_PATHS = (
					"$(inherited)",
					"$(PLATFORM_DIR)/Developer/Library/Frameworks",
				);
				HEADER_SEARCH_PATHS = "$(inherited)";
				INFOPLIST_FILE = Muon.xcodeproj/MuonTests_Info.plist;
				LD_RUNPATH_SEARCH_PATHS = "@loader_path/../Frameworks @loader_path/Frameworks";
				OTHER_LDFLAGS = "$(inherited)";
				OTHER_SWIFT_FLAGS = "$(inherited)";
				SWIFT_VERSION = 4.2;
				TARGET_NAME = MuonTests;
			};
			name = Release;
		};
/* End XCBuildConfiguration section */

/* Begin XCConfigurationList section */
		OBJ_2 /* Build configuration list for PBXProject "Muon" */ = {
			isa = XCConfigurationList;
			buildConfigurations = (
				OBJ_3 /* Debug */,
				OBJ_4 /* Release */,
			);
			defaultConfigurationIsVisible = 0;
			defaultConfigurationName = Debug;
		};
		OBJ_26 /* Build configuration list for PBXNativeTarget "Muon" */ = {
			isa = XCConfigurationList;
			buildConfigurations = (
				OBJ_27 /* Debug */,
				OBJ_28 /* Release */,
			);
			defaultConfigurationIsVisible = 0;
			defaultConfigurationName = Debug;
		};
		OBJ_38 /* Build configuration list for PBXNativeTarget "MuonTests" */ = {
			isa = XCConfigurationList;
			buildConfigurations = (
				OBJ_39 /* Debug */,
				OBJ_40 /* Release */,
			);
			defaultConfigurationIsVisible = 0;
			defaultConfigurationName = Debug;
		};
/* End XCConfigurationList section */
	};
	rootObject = OBJ_1 /* Project object */;
}
